
Microsoft Visual Studio Solution File, Format Version 12.00
# Visual Studio Version 17
VisualStudioVersion = 17.7.34024.191
MinimumVisualStudioVersion = 10.0.40219.1
Project("{8BC9CEB8-8B4A-11D0-8D11-00A0C91BC942}") = "OOPLab#1.5", "OOPLab#1.5\OOPLab#1.5.vcxproj", "{5437096D-AB48-4907-B20E-8F6747364936}"
EndProject
Global
	GlobalSection(SolutionConfigurationPlatforms) = preSolution
		Debug|x64 = Debug|x64
		Debug|x86 = Debug|x86
		Release|x64 = Release|x64
		Release|x86 = Release|x86
	EndGlobalSection
	GlobalSection(ProjectConfigurationPlatforms) = postSolution
		{5437096D-AB48-4907-B20E-8F6747364936}.Debug|x64.ActiveCfg = Debug|x64
		{5437096D-AB48-4907-B20E-8F6747364936}.Debug|x64.Build.0 = Debug|x64
		{5437096D-AB48-4907-B20E-8F6747364936}.Debug|x86.ActiveCfg = Debug|Win32
		{5437096D-AB48-4907-B20E-8F6747364936}.Debug|x86.Build.0 = Debug|Win32
		{5437096D-AB48-4907-B20E-8F6747364936}.Release|x64.ActiveCfg = Release|x64
		{5437096D-AB48-4907-B20E-8F6747364936}.Release|x64.Build.0 = Release|x64
		{5437096D-AB48-4907-B20E-8F6747364936}.Release|x86.ActiveCfg = Release|Win32
		{5437096D-AB48-4907-B20E-8F6747364936}.Release|x86.Build.0 = Release|Win32
	EndGlobalSection
	GlobalSection(SolutionProperties) = preSolution
		HideSolutionNode = FALSE
	EndGlobalSection
	GlobalSection(ExtensibilityGlobals) = postSolution
		SolutionGuid = {D641CB1D-F350-44E3-B7AC-94B0EB568BBD}
	EndGlobalSection
EndGlobal
